{
  "name": "ts-skeleton-app",
  "version": "1.0.0",
  "lockfileVersion": 1,
  "requires": true,
  "dependencies": {
    "cookie_js": {
      "version": "1.2.2",
      "resolved": "https://registry.npmjs.org/cookie_js/-/cookie_js-1.2.2.tgz",
      "integrity": "sha1-Ub7V8Clm4mZHtTaNH1l1tfAZBsQ="
    },
    "typescript": {
      "version": "3.2.2",
      "resolved": "https://registry.npmjs.org/typescript/-/typescript-3.2.2.tgz",
      "integrity": "sha512-VCj5UiSyHBjwfYacmDuc/NOk4QQixbE+Wn7MFJuS0nRuPQbof132Pw4u53dm264O8LPc2MVsc7RJNml5szurkg==",
      "dev": true
    }
  }
}
